
Microsoft Visual Studio Solution File, Format Version 12.00
# Visual Studio Version 16
VisualStudioVersion = 16.0.31112.23
MinimumVisualStudioVersion = 10.0.40219.1
Project("{9A19103F-16F7-4668-BE54-9A1E7A4F7556}") = "ConsoleColors", "ConsoleColors\ConsoleColors.csproj", "{C24D0C44-3C9A-4F38-8257-171675467409}"
EndProject
Global
	GlobalSection(SolutionConfigurationPlatforms) = preSolution
		Debug|Any CPU = Debug|Any CPU
		Debug|x64 = Debug|x64
		Release|Any CPU = Release|Any CPU
		Release|x64 = Release|x64
	EndGlobalSection
	GlobalSection(ProjectConfigurationPlatforms) = postSolution
		{C24D0C44-3C9A-4F38-8257-171675467409}.Debug|Any CPU.ActiveCfg = Release|Any CPU
		{C24D0C44-3C9A-4F38-8257-171675467409}.Debug|Any CPU.Build.0 = Release|Any CPU
		{C24D0C44-3C9A-4F38-8257-171675467409}.Debug|x64.ActiveCfg = Debug|Any CPU
		{C24D0C44-3C9A-4F38-8257-171675467409}.Debug|x64.Build.0 = Debug|Any CPU
		{C24D0C44-3C9A-4F38-8257-171675467409}.Release|Any CPU.ActiveCfg = Release|Any CPU
		{C24D0C44-3C9A-4F38-8257-171675467409}.Release|Any CPU.Build.0 = Release|Any CPU
		{C24D0C44-3C9A-4F38-8257-171675467409}.Release|x64.ActiveCfg = Release|x64
		{C24D0C44-3C9A-4F38-8257-171675467409}.Release|x64.Build.0 = Release|x64
	EndGlobalSection
	GlobalSection(SolutionProperties) = preSolution
		HideSolutionNode = FALSE
	EndGlobalSection
	GlobalSection(ExtensibilityGlobals) = postSolution
		SolutionGuid = {AA03AAD1-A9A7-4A4C-979B-B7D5707F46A6}
	EndGlobalSection
EndGlobal
